
Microsoft Visual Studio Solution File, Format Version 12.00
# Visual Studio Version 17
VisualStudioVersion = 17.14.36705.20 d17.14
MinimumVisualStudioVersion = 10.0.40219.1
Project("{FAE04EC0-301F-11D3-BF4B-00C04F79EFBC}") = "AppiumTests", "AppiumTests\AppiumTests.csproj", "{D89DAD89-C693-42AE-85DC-962B249DA15D}"
EndProject
Global
	GlobalSection(SolutionConfigurationPlatforms) = preSolution
		Debug|Any CPU = Debug|Any CPU
		Release|Any CPU = Release|Any CPU
	EndGlobalSection
	GlobalSection(ProjectConfigurationPlatforms) = postSolution
		{D89DAD89-C693-42AE-85DC-962B249DA15D}.Debug|Any CPU.ActiveCfg = Debug|Any CPU
		{D89DAD89-C693-42AE-85DC-962B249DA15D}.Debug|Any CPU.Build.0 = Debug|Any CPU
		{D89DAD89-C693-42AE-85DC-962B249DA15D}.Release|Any CPU.ActiveCfg = Release|Any CPU
		{D89DAD89-C693-42AE-85DC-962B249DA15D}.Release|Any CPU.Build.0 = Release|Any CPU
	EndGlobalSection
	GlobalSection(SolutionProperties) = preSolution
		HideSolutionNode = FALSE
	EndGlobalSection
	GlobalSection(ExtensibilityGlobals) = postSolution
		SolutionGuid = {EF08DFCA-1E9D-45B9-A2B1-DF873859FCDA}
	EndGlobalSection
EndGlobal
